// !$*UTF8*$!
{
	archiveVersion = 1;
	classes = {
	};
	objectVersion = 46;
	objects = {

/* Begin PBXBuildFile section */
		450EC8E61D2D37DE0097F640 /* AzureCollectionViewCell.xib in Resources */ = {isa = PBXBuildFile; fileRef = 450EC8E51D2D37DE0097F640 /* AzureCollectionViewCell.xib */; };
		450EC8E81D2D4AE00097F640 /* UIColorExtension.swift in Sources */ = {isa = PBXBuildFile; fileRef = 450EC8E71D2D4AE00097F640 /* UIColorExtension.swift */; };
		450EC8EA1D2D67D20097F640 /* SLButton.swift in Sources */ = {isa = PBXBuildFile; fileRef = 450EC8E91D2D67D20097F640 /* SLButton.swift */; };
		4546F57C1D2AE09100C5BFB2 /* AzureCollectionViewLayout.swift in Sources */ = {isa = PBXBuildFile; fileRef = 4546F57B1D2AE09100C5BFB2 /* AzureCollectionViewLayout.swift */; };
		4546F57E1D2AE0EF00C5BFB2 /* AzureCollectionViewCell.swift in Sources */ = {isa = PBXBuildFile; fileRef = 4546F57D1D2AE0EF00C5BFB2 /* AzureCollectionViewCell.swift */; };
		45993F211D2ACE6000040A4D /* AppDelegate.swift in Sources */ = {isa = PBXBuildFile; fileRef = 45993F201D2ACE6000040A4D /* AppDelegate.swift */; };
		45993F231D2ACE6000040A4D /* ViewController.swift in Sources */ = {isa = PBXBuildFile; fileRef = 45993F221D2ACE6000040A4D /* ViewController.swift */; };
		45993F261D2ACE6000040A4D /* Main.storyboard in Resources */ = {isa = PBXBuildFile; fileRef = 45993F241D2ACE6000040A4D /* Main.storyboard */; };
		45993F281D2ACE6000040A4D /* Assets.xcassets in Resources */ = {isa = PBXBuildFile; fileRef = 45993F271D2ACE6000040A4D /* Assets.xcassets */; };
		45993F2B1D2ACE6000040A4D /* LaunchScreen.storyboard in Resources */ = {isa = PBXBuildFile; fileRef = 45993F291D2ACE6000040A4D /* LaunchScreen.storyboard */; };
		76E5BDEF770334BD31C1F9A8 /* Pods_Azure.framework in Frameworks */ = {isa = PBXBuildFile; fileRef = 5BF960A20529AB943B0E7FFB /* Pods_Azure.framework */; };
/* End PBXBuildFile section */

/* Begin PBXFileReference section */
		1FD45AAFC095DAF187C56329 /* Pods-Azure.release.xcconfig */ = {isa = PBXFileReference; includeInIndex = 1; lastKnownFileType = text.xcconfig; name = "Pods-Azure.release.xcconfig"; path = "Pods/Target Support Files/Pods-Azure/Pods-Azure.release.xcconfig"; sourceTree = "<group>"; };
		450EC8E51D2D37DE0097F640 /* AzureCollectionViewCell.xib */ = {isa = PBXFileReference; fileEncoding = 4; lastKnownFileType = file.xib; path = AzureCollectionViewCell.xib; sourceTree = "<group>"; };
		450EC8E71D2D4AE00097F640 /* UIColorExtension.swift */ = {isa = PBXFileReference; fileEncoding = 4; lastKnownFileType = sourcecode.swift; path = UIColorExtension.swift; sourceTree = "<group>"; };
		450EC8E91D2D67D20097F640 /* SLButton.swift */ = {isa = PBXFileReference; fileEncoding = 4; lastKnownFileType = sourcecode.swift; path = SLButton.swift; sourceTree = "<group>"; };
		4546F57B1D2AE09100C5BFB2 /* AzureCollectionViewLayout.swift */ = {isa = PBXFileReference; fileEncoding = 4; lastKnownFileType = sourcecode.swift; path = AzureCollectionViewLayout.swift; sourceTree = "<group>"; };
		4546F57D1D2AE0EF00C5BFB2 /* AzureCollectionViewCell.swift */ = {isa = PBXFileReference; fileEncoding = 4; lastKnownFileType = sourcecode.swift; path = AzureCollectionViewCell.swift; sourceTree = "<group>"; };
		45993F1D1D2ACE6000040A4D /* Azure.app */ = {isa = PBXFileReference; explicitFileType = wrapper.application; includeInIndex = 0; path = Azure.app; sourceTree = BUILT_PRODUCTS_DIR; };
		45993F201D2ACE6000040A4D /* AppDelegate.swift */ = {isa = PBXFileReference; lastKnownFileType = sourcecode.swift; path = AppDelegate.swift; sourceTree = "<group>"; };
		45993F221D2ACE6000040A4D /* ViewController.swift */ = {isa = PBXFileReference; lastKnownFileType = sourcecode.swift; path = ViewController.swift; sourceTree = "<group>"; };
		45993F251D2ACE6000040A4D /* Base */ = {isa = PBXFileReference; lastKnownFileType = file.storyboard; name = Base; path = Base.lproj/Main.storyboard; sourceTree = "<group>"; };
		45993F271D2ACE6000040A4D /* Assets.xcassets */ = {isa = PBXFileReference; lastKnownFileType = folder.assetcatalog; path = Assets.xcassets; sourceTree = "<group>"; };
		45993F2A1D2ACE6000040A4D /* Base */ = {isa = PBXFileReference; lastKnownFileType = file.storyboard; name = Base; path = Base.lproj/LaunchScreen.storyboard; sourceTree = "<group>"; };
		45993F2C1D2ACE6000040A4D /* Info.plist */ = {isa = PBXFileReference; lastKnownFileType = text.plist.xml; path = Info.plist; sourceTree = "<group>"; };
		5BF960A20529AB943B0E7FFB /* Pods_Azure.framework */ = {isa = PBXFileReference; explicitFileType = wrapper.framework; includeInIndex = 0; path = Pods_Azure.framework; sourceTree = BUILT_PRODUCTS_DIR; };
		B344D079A7720852890526E3 /* Pods-Azure.debug.xcconfig */ = {isa = PBXFileReference; includeInIndex = 1; lastKnownFileType = text.xcconfig; name = "Pods-Azure.debug.xcconfig"; path = "Pods/Target Support Files/Pods-Azure/Pods-Azure.debug.xcconfig"; sourceTree = "<group>"; };
/* End PBXFileReference section */

/* Begin PBXFrameworksBuildPhase section */
		45993F1A1D2ACE6000040A4D /* Frameworks */ = {
			isa = PBXFrameworksBuildPhase;
			buildActionMask = 2147483647;
			files = (
				76E5BDEF770334BD31C1F9A8 /* Pods_Azure.framework in Frameworks */,
			);
			runOnlyForDeploymentPostprocessing = 0;
		};
/* End PBXFrameworksBuildPhase section */

/* Begin PBXGroup section */
		45993F141D2ACE6000040A4D = {
			isa = PBXGroup;
			children = (
				45993F1F1D2ACE6000040A4D /* Azure */,
				45993F1E1D2ACE6000040A4D /* Products */,
				76386F516CACD7E8EB92A54D /* Pods */,
				C8367A363BFF9974D56CB00E /* Frameworks */,
			);
			sourceTree = "<group>";
		};
		45993F1E1D2ACE6000040A4D /* Products */ = {
			isa = PBXGroup;
			children = (
				45993F1D1D2ACE6000040A4D /* Azure.app */,
			);
			name = Products;
			sourceTree = "<group>";
		};
		45993F1F1D2ACE6000040A4D /* Azure */ = {
			isa = PBXGroup;
			children = (
				45993F201D2ACE6000040A4D /* AppDelegate.swift */,
				45993F221D2ACE6000040A4D /* ViewController.swift */,
				450EC8E71D2D4AE00097F640 /* UIColorExtension.swift */,
				45993F241D2ACE6000040A4D /* Main.storyboard */,
				45993F271D2ACE6000040A4D /* Assets.xcassets */,
				45993F291D2ACE6000040A4D /* LaunchScreen.storyboard */,
				45993F2C1D2ACE6000040A4D /* Info.plist */,
				4546F57B1D2AE09100C5BFB2 /* AzureCollectionViewLayout.swift */,
				4546F57D1D2AE0EF00C5BFB2 /* AzureCollectionViewCell.swift */,
				450EC8E51D2D37DE0097F640 /* AzureCollectionViewCell.xib */,
				450EC8E91D2D67D20097F640 /* SLButton.swift */,
			);
			path = Azure;
			sourceTree = "<group>";
		};
		76386F516CACD7E8EB92A54D /* Pods */ = {
			isa = PBXGroup;
			children = (
				B344D079A7720852890526E3 /* Pods-Azure.debug.xcconfig */,
				1FD45AAFC095DAF187C56329 /* Pods-Azure.release.xcconfig */,
			);
			name = Pods;
			sourceTree = "<group>";
		};
		C8367A363BFF9974D56CB00E /* Frameworks */ = {
			isa = PBXGroup;
			children = (
				5BF960A20529AB943B0E7FFB /* Pods_Azure.framework */,
			);
			name = Frameworks;
			sourceTree = "<group>";
		};
/* End PBXGroup section */

/* Begin PBXNativeTarget section */
		45993F1C1D2ACE6000040A4D /* Azure */ = {
			isa = PBXNativeTarget;
			buildConfigurationList = 45993F2F1D2ACE6000040A4D /* Build configuration list for PBXNativeTarget "Azure" */;
			buildPhases = (
				BD63C616373C013ECA2F1BD3 /* [CP] Check Pods Manifest.lock */,
				45993F191D2ACE6000040A4D /* Sources */,
				45993F1A1D2ACE6000040A4D /* Frameworks */,
				45993F1B1D2ACE6000040A4D /* Resources */,
				D8AA2D20E11F2D9BF9FA3CDD /* [CP] Embed Pods Frameworks */,
				62A2791024062E7C992B0A95 /* [CP] Copy Pods Resources */,
			);
			buildRules = (
			);
			dependencies = (
			);
			name = Azure;
			productName = Azure;
			productReference = 45993F1D1D2ACE6000040A4D /* Azure.app */;
			productType = "com.apple.product-type.application";
		};
/* End PBXNativeTarget section */

/* Begin PBXProject section */
		45993F151D2ACE6000040A4D /* Project object */ = {
			isa = PBXProject;
			attributes = {
				LastSwiftUpdateCheck = 0730;
				LastUpgradeCheck = 0730;
				ORGANIZATIONNAME = Somnus;
				TargetAttributes = {
					45993F1C1D2ACE6000040A4D = {
						CreatedOnToolsVersion = 7.3.1;
					};
				};
			};
			buildConfigurationList = 45993F181D2ACE6000040A4D /* Build configuration list for PBXProject "Azure" */;
			compatibilityVersion = "Xcode 3.2";
			developmentRegion = English;
			hasScannedForEncodings = 0;
			knownRegions = (
				en,
				Base,
			);
			mainGroup = 45993F141D2ACE6000040A4D;
			productRefGroup = 45993F1E1D2ACE6000040A4D /* Products */;
			projectDirPath = "";
			projectRoot = "";
			targets = (
				45993F1C1D2ACE6000040A4D /* Azure */,
			);
		};
/* End PBXProject section */

/* Begin PBXResourcesBuildPhase section */
		45993F1B1D2ACE6000040A4D /* Resources */ = {
			isa = PBXResourcesBuildPhase;
			buildActionMask = 2147483647;
			files = (
				45993F2B1D2ACE6000040A4D /* LaunchScreen.storyboard in Resources */,
				45993F281D2ACE6000040A4D /* Assets.xcassets in Resources */,
				450EC8E61D2D37DE0097F640 /* AzureCollectionViewCell.xib in Resources */,
				45993F261D2ACE6000040A4D /* Main.storyboard in Resources */,
			);
			runOnlyForDeploymentPostprocessing = 0;
		};
/* End PBXResourcesBuildPhase section */

/* Begin PBXShellScriptBuildPhase section */
		62A2791024062E7C992B0A95 /* [CP] Copy Pods Resources */ = {
			isa = PBXShellScriptBuildPhase;
			buildActionMask = 2147483647;
			files = (
			);
			inputPaths = (
			);
			name = "[CP] Copy Pods Resources";
			outputPaths = (
			);
			runOnlyForDeploymentPostprocessing = 0;
			shellPath = /bin/sh;
			shellScript = "\"${SRCROOT}/Pods/Target Support Files/Pods-Azure/Pods-Azure-resources.sh\"\n";
			showEnvVarsInLog = 0;
		};
		BD63C616373C013ECA2F1BD3 /* [CP] Check Pods Manifest.lock */ = {
			isa = PBXShellScriptBuildPhase;
			buildActionMask = 2147483647;
			files = (
			);
			inputPaths = (
			);
			name = "[CP] Check Pods Manifest.lock";
			outputPaths = (
			);
			runOnlyForDeploymentPostprocessing = 0;
			shellPath = /bin/sh;
			shellScript = "diff \"${PODS_ROOT}/../Podfile.lock\" \"${PODS_ROOT}/Manifest.lock\" > /dev/null\nif [[ $? != 0 ]] ; then\n    cat << EOM\nerror: The sandbox is not in sync with the Podfile.lock. Run 'pod install' or update your CocoaPods installation.\nEOM\n    exit 1\nfi\n";
			showEnvVarsInLog = 0;
		};
		D8AA2D20E11F2D9BF9FA3CDD /* [CP] Embed Pods Frameworks */ = {
			isa = PBXShellScriptBuildPhase;
			buildActionMask = 2147483647;
			files = (
			);
			inputPaths = (
			);
			name = "[CP] Embed Pods Frameworks";
			outputPaths = (
			);
			runOnlyForDeploymentPostprocessing = 0;
			shellPath = /bin/sh;
			shellScript = "\"${SRCROOT}/Pods/Target Support Files/Pods-Azure/Pods-Azure-frameworks.sh\"\n";
			showEnvVarsInLog = 0;
		};
/* End PBXShellScriptBuildPhase section */

/* Begin PBXSourcesBuildPhase section */
		45993F191D2ACE6000040A4D /* Sources */ = {
			isa = PBXSourcesBuildPhase;
			buildActionMask = 2147483647;
			files = (
				45993F231D2ACE6000040A4D /* ViewController.swift in Sources */,
				4546F57C1D2AE09100C5BFB2 /* AzureCollectionViewLayout.swift in Sources */,
				450EC8E81D2D4AE00097F640 /* UIColorExtension.swift in Sources */,
				4546F57E1D2AE0EF00C5BFB2 /* AzureCollectionViewCell.swift in Sources */,
				450EC8EA1D2D67D20097F640 /* SLButton.swift in Sources */,
				45993F211D2ACE6000040A4D /* AppDelegate.swift in Sources */,
			);
			runOnlyForDeploymentPostprocessing = 0;
		};
/* End PBXSourcesBuildPhase section */

/* Begin PBXVariantGroup section */
		45993F241D2ACE6000040A4D /* Main.storyboard */ = {
			isa = PBXVariantGroup;
			children = (
				45993F251D2ACE6000040A4D /* Base */,
			);
			name = Main.storyboard;
			sourceTree = "<group>";
		};
		45993F291D2ACE6000040A4D /* LaunchScreen.storyboard */ = {
			isa = PBXVariantGroup;
			children = (
				45993F2A1D2ACE6000040A4D /* Base */,
			);
			name = LaunchScreen.storyboard;
			sourceTree = "<group>";
		};
/* End PBXVariantGroup section */

/* Begin XCBuildConfiguration section */
		45993F2D1D2ACE6000040A4D /* Debug */ = {
			isa = XCBuildConfiguration;
			buildSettings = {
				ALWAYS_SEARCH_USER_PATHS = NO;
				CLANG_ANALYZER_NONNULL = YES;
				CLANG_CXX_LANGUAGE_STANDARD = "gnu++0x";
				CLANG_CXX_LIBRARY = "libc++";
				CLANG_ENABLE_MODULES = YES;
				CLANG_ENABLE_OBJC_ARC = YES;
				CLANG_WARN_BOOL_CONVERSION = YES;
				CLANG_WARN_CONSTANT_CONVERSION = YES;
				CLANG_WARN_DIRECT_OBJC_ISA_USAGE = YES_ERROR;
				CLANG_WARN_EMPTY_BODY = YES;
				CLANG_WARN_ENUM_CONVERSION = YES;
				CLANG_WARN_INT_CONVERSION = YES;
				CLANG_WARN_OBJC_ROOT_CLASS = YES_ERROR;
				CLANG_WARN_UNREACHABLE_CODE = YES;
				CLANG_WARN__DUPLICATE_METHOD_MATCH = YES;
				"CODE_SIGN_IDENTITY[sdk=iphoneos*]" = "iPhone Developer";
				COPY_PHASE_STRIP = NO;
				DEBUG_INFORMATION_FORMAT = dwarf;
				ENABLE_STRICT_OBJC_MSGSEND = YES;
				ENABLE_TESTABILITY = YES;
				GCC_C_LANGUAGE_STANDARD = gnu99;
				GCC_DYNAMIC_NO_PIC = NO;
				GCC_NO_COMMON_BLOCKS = YES;
				GCC_OPTIMIZATION_LEVEL = 0;
				GCC_PREPROCESSOR_DEFINITIONS = (
					"DEBUG=1",
					"$(inherited)",
				);
				GCC_WARN_64_TO_32_BIT_CONVERSION = YES;
				GCC_WARN_ABOUT_RETURN_TYPE = YES_ERROR;
				GCC_WARN_UNDECLARED_SELECTOR = YES;
				GCC_WARN_UNINITIALIZED_AUTOS = YES_AGGRESSIVE;
				GCC_WARN_UNUSED_FUNCTION = YES;
				GCC_WARN_UNUSED_VARIABLE = YES;
				IPHONEOS_DEPLOYMENT_TARGET = 9.3;
				MTL_ENABLE_DEBUG_INFO = YES;
				ONLY_ACTIVE_ARCH = YES;
				SDKROOT = iphoneos;
				SWIFT_OPTIMIZATION_LEVEL = "-Onone";
			};
			name = Debug;
		};
		45993F2E1D2ACE6000040A4D /* Release */ = {
			isa = XCBuildConfiguration;
			buildSettings = {
				ALWAYS_SEARCH_USER_PATHS = NO;
				CLANG_ANALYZER_NONNULL = YES;
				CLANG_CXX_LANGUAGE_STANDARD = "gnu++0x";
				CLANG_CXX_LIBRARY = "libc++";
				CLANG_ENABLE_MODULES = YES;
				CLANG_ENABLE_OBJC_ARC = YES;
				CLANG_WARN_BOOL_CONVERSION = YES;
				CLANG_WARN_CONSTANT_CONVERSION = YES;
				CLANG_WARN_DIRECT_OBJC_ISA_USAGE = YES_ERROR;
				CLANG_WARN_EMPTY_BODY = YES;
				CLANG_WARN_ENUM_CONVERSION = YES;
				CLANG_WARN_INT_CONVERSION = YES;
				CLANG_WARN_OBJC_ROOT_CLASS = YES_ERROR;
				CLANG_WARN_UNREACHABLE_CODE = YES;
				CLANG_WARN__DUPLICATE_METHOD_MATCH = YES;
				"CODE_SIGN_IDENTITY[sdk=iphoneos*]" = "iPhone Developer";
				COPY_PHASE_STRIP = NO;
				DEBUG_INFORMATION_FORMAT = "dwarf-with-dsym";
				ENABLE_NS_ASSERTIONS = NO;
				ENABLE_STRICT_OBJC_MSGSEND = YES;
				GCC_C_LANGUAGE_STANDARD = gnu99;
				GCC_NO_COMMON_BLOCKS = YES;
				GCC_WARN_64_TO_32_BIT_CONVERSION = YES;
				GCC_WARN_ABOUT_RETURN_TYPE = YES_ERROR;
				GCC_WARN_UNDECLARED_SELECTOR = YES;
				GCC_WARN_UNINITIALIZED_AUTOS = YES_AGGRESSIVE;
				GCC_WARN_UNUSED_FUNCTION = YES;
				GCC_WARN_UNUSED_VARIABLE = YES;
				IPHONEOS_DEPLOYMENT_TARGET = 9.3;
				MTL_ENABLE_DEBUG_INFO = NO;
				SDKROOT = iphoneos;
				VALIDATE_PRODUCT = YES;
			};
			name = Release;
		};
		45993F301D2ACE6000040A4D /* Debug */ = {
			isa = XCBuildConfiguration;
			baseConfigurationReference = B344D079A7720852890526E3 /* Pods-Azure.debug.xcconfig */;
			buildSettings = {
				ASSETCATALOG_COMPILER_APPICON_NAME = AppIcon;
				INFOPLIST_FILE = Azure/Info.plist;
				LD_RUNPATH_SEARCH_PATHS = "$(inherited) @executable_path/Frameworks";
				PRODUCT_BUNDLE_IDENTIFIER = com.somnus.Azure;
				PRODUCT_NAME = "$(TARGET_NAME)";
			};
			name = Debug;
		};
		45993F311D2ACE6000040A4D /* Release */ = {
			isa = XCBuildConfiguration;
			baseConfigurationReference = 1FD45AAFC095DAF187C56329 /* Pods-Azure.release.xcconfig */;
			buildSettings = {
				ASSETCATALOG_COMPILER_APPICON_NAME = AppIcon;
				INFOPLIST_FILE = Azure/Info.plist;
				LD_RUNPATH_SEARCH_PATHS = "$(inherited) @executable_path/Frameworks";
				PRODUCT_BUNDLE_IDENTIFIER = com.somnus.Azure;
				PRODUCT_NAME = "$(TARGET_NAME)";
			};
			name = Release;
		};
/* End XCBuildConfiguration section */

/* Begin XCConfigurationList section */
		45993F181D2ACE6000040A4D /* Build configuration list for PBXProject "Azure" */ = {
			isa = XCConfigurationList;
			buildConfigurations = (
				45993F2D1D2ACE6000040A4D /* Debug */,
				45993F2E1D2ACE6000040A4D /* Release */,
			);
			defaultConfigurationIsVisible = 0;
			defaultConfigurationName = Release;
		};
		45993F2F1D2ACE6000040A4D /* Build configuration list for PBXNativeTarget "Azure" */ = {
			isa = XCConfigurationList;
			buildConfigurations = (
				45993F301D2ACE6000040A4D /* Debug */,
				45993F311D2ACE6000040A4D /* Release */,
			);
			defaultConfigurationIsVisible = 0;
			defaultConfigurationName = Release;
		};
/* End XCConfigurationList section */
	};
	rootObject = 45993F151D2ACE6000040A4D /* Project object */;
}
